
Microsoft Visual Studio Solution File, Format Version 12.00
# Visual Studio Version 16
VisualStudioVersion = 16.0.30804.86
MinimumVisualStudioVersion = 10.0.40219.1
Project("{FAE04EC0-301F-11D3-BF4B-00C04F79EFBC}") = "CoreFramework", "CoreFramework\CoreFramework.csproj", "{2309405C-CAAE-4314-A66A-D474B377A1CF}"
EndProject
Project("{FAE04EC0-301F-11D3-BF4B-00C04F79EFBC}") = "FunctionalTests", "FunctionalTests\FunctionalTests.csproj", "{32D3C332-05C5-4F18-9CEF-315C2267A623}"
EndProject
Project("{2150E333-8FDC-42A3-9474-1A3956D46DE8}") = "Solution Items", "Solution Items", "{6BDB7806-C9B0-447A-932B-611EE56D46D4}"
	ProjectSection(SolutionItems) = preProject
		TestSettings.json = TestSettings.json
	EndProjectSection
EndProject
Global
	GlobalSection(SolutionConfigurationPlatforms) = preSolution
		Debug|Any CPU = Debug|Any CPU
		Release|Any CPU = Release|Any CPU
	EndGlobalSection
	GlobalSection(ProjectConfigurationPlatforms) = postSolution
		{2309405C-CAAE-4314-A66A-D474B377A1CF}.Debug|Any CPU.ActiveCfg = Debug|Any CPU
		{2309405C-CAAE-4314-A66A-D474B377A1CF}.Debug|Any CPU.Build.0 = Debug|Any CPU
		{2309405C-CAAE-4314-A66A-D474B377A1CF}.Release|Any CPU.ActiveCfg = Release|Any CPU
		{2309405C-CAAE-4314-A66A-D474B377A1CF}.Release|Any CPU.Build.0 = Release|Any CPU
		{32D3C332-05C5-4F18-9CEF-315C2267A623}.Debug|Any CPU.ActiveCfg = Debug|Any CPU
		{32D3C332-05C5-4F18-9CEF-315C2267A623}.Debug|Any CPU.Build.0 = Debug|Any CPU
		{32D3C332-05C5-4F18-9CEF-315C2267A623}.Release|Any CPU.ActiveCfg = Release|Any CPU
		{32D3C332-05C5-4F18-9CEF-315C2267A623}.Release|Any CPU.Build.0 = Release|Any CPU
	EndGlobalSection
	GlobalSection(SolutionProperties) = preSolution
		HideSolutionNode = FALSE
	EndGlobalSection
	GlobalSection(ExtensibilityGlobals) = postSolution
		SolutionGuid = {2BF1737C-FCB4-4831-9CB7-5DC3E49FAF2A}
	EndGlobalSection
EndGlobal
